<?xml version="1.0" encoding="utf-8"?>
<Project ToolsVersion="4.0" xmlns="http://schemas.microsoft.com/developer/msbuild/2003">
  <ItemGroup>
    <ClCompile Include="..\libs\ImGui\source\imgui.cpp" />
    <ClCompile Include="..\libs\ImGui\source\imgui_demo.cpp" />
    <ClCompile Include="..\libs\ImGui\source\imgui_draw.cpp" />
    <ClCompile Include="..\libs\ImGui\source\imgui_impl_opengl3.cpp" />
    <ClCompile Include="..\libs\ImGui\source\imgui_impl_sdl.cpp" />
    <ClCompile Include="..\libs\ImGui\source\imgui_impl_vulkan.cpp" />
    <ClCompile Include="..\libs\ImGui\source\imgui_widgets.cpp" />
    <ClCompile Include="..\libs\tinyobjloader\tiny_obj_loader.cc" />
    <ClCompile Include="..\src\Nen\Engine\Engine.cpp" />
    <ClCompile Include="..\src\Nen\Color\Color.cpp" />
    <ClCompile Include="..\src\Nen\Component\CircleComponent.cpp" />
    <ClCompile Include="..\src\Nen\Component\Component.cpp" />
    <ClCompile Include="..\src\Nen\Component\EffectComponent.cpp" />
    <ClCompile Include="..\src\Nen\Component\InputComponent.cpp" />
    <ClCompile Include="..\src\Nen\Component\MoveComponent.cpp" />
    <ClCompile Include="..\src\Nen\Component\ScriptComponent.cpp" />
    <ClCompile Include="..\src\Nen\Effect\CustomTextureLoader.cpp" />
    <ClCompile Include="..\src\Nen\Effect\EffectManager.cpp" />
    <ClCompile Include="..\src\Nen\Effect\Effect.cpp" />
    <ClCompile Include="..\src\Nen\Logger\Logger.cpp" />
    <ClCompile Include="..\src\Nen\Font\Font.cpp" />
    <ClCompile Include="..\src\Nen\Input\InputSystem.cpp" />
    <ClCompile Include="..\src\Nen\Math\Math.cpp" />
    <ClCompile Include="..\src\Nen\Math\Random.cpp" />
    <ClCompile Include="..\src\Nen\Math\Transform.cpp" />
    <ClCompile Include="..\src\Nen\Mesh\ObjLoader.cpp" />
    <ClCompile Include="..\src\Nen\Time\Time.cpp" />
    <ClCompile Include="..\src\Nen\Render\Renderer.cpp" />
    <ClCompile Include="..\src\Nen\Render\OpenGLES\ESRenderer.cpp" />
    <ClCompile Include="..\src\Nen\Render\OpenGL\EffectManagerGL.cpp" />
    <ClCompile Include="..\src\Nen\Render\OpenGL\GLRenderer.cpp" />
    <ClCompile Include="..\src\Nen\Render\OpenGL\ShaderGL.cpp" />
    <ClCompile Include="..\src\Nen\Render\Vulkan\EffectManagerVK.cpp" />
    <ClCompile Include="..\src\Nen\Render\Vulkan\Pipeline.cpp" />
    <ClCompile Include="..\src\Nen\Render\Vulkan\PipelineLayout.cpp" />
    <ClCompile Include="..\src\Nen\Render\Vulkan\Swapchain.cpp" />
    <ClCompile Include="..\src\Nen\Render\Vulkan\VKBase.cpp" />
    <ClCompile Include="..\src\Nen\Render\Vulkan\VKRenderer.cpp" />
    <ClCompile Include="..\src\Nen\Render\Vulkan\VulkanShader.cpp" />
    <ClCompile Include="..\src\Nen\Scene\Scene.cpp" />
    <ClCompile Include="..\src\Nen\Script\Script.cpp" />
    <ClCompile Include="..\src\Nen\Texture\Texture.cpp" />
    <ClCompile Include="..\src\Nen\Vertex\Vertex.cpp" />
    <ClCompile Include="..\src\Nen\Vertex\VertexArray.cpp" />
    <ClCompile Include="..\src\Nen\Window\Window.cpp" />
    <ClCompile Include="..\src\Nen\Actor\Actor.cpp" />
    <ClCompile Include="..\src\Nen\Utility\Singleton.cpp" />
    <ClCompile Include="..\src\Nen\Component\TextComponent.cpp" />
    <ClCompile Include="..\src\Nen\Input\GameController.cpp" />
    <ClCompile Include="..\src\Nen\Network\TCPClient.cpp" />
    <ClCompile Include="..\src\Nen\Network\TCPSocket.cpp" />
    <ClCompile Include="..\src\Nen\GUI\Button.cpp" />
    <ClCompile Include="..\src\Nen\GUI\DialogBox.cpp" />
    <ClCompile Include="..\src\Nen\GUI\HUD.cpp" />
    <ClCompile Include="..\src\Nen\GUI\PauseMenu.cpp" />
    <ClCompile Include="..\src\Nen\GUI\UIScreen.cpp" />
    <ClCompile Include="..\src\Nen\Audio\MusicEvent.cpp" />
    <ClCompile Include="..\src\Nen\Audio\MusicSystem.cpp" />
    <ClCompile Include="..\src\Nen\Audio\SoundEvent.cpp" />
    <ClCompile Include="..\src\Nen\Audio\SoundSystem.cpp" />
    <ClCompile Include="..\src\Nen\Component\BillboardComponent.cpp" />
    <ClCompile Include="..\src\Nen\Component\SoundComponent.cpp" />
    <ClCompile Include="..\src\Nen\Component\Draw2DComponent.cpp" />
    <ClCompile Include="..\src\Nen\Component\Draw3DComponent.cpp" />
    <ClCompile Include="..\src\Nen\Time\Timer.cpp" />
    <ClCompile Include="..\src\Nen\Physics\Collision.cpp" />
  </ItemGroup>
  <ItemGroup>
    <ClInclude Include="..\include\Nen\Actor\PlaneActor.hpp" />
    <ClInclude Include="..\include\Nen\Actor\Text.hpp" />
    <ClInclude Include="..\include\Nen\Audio\AudioEvent.hpp" />
    <ClInclude Include="..\include\Nen\Audio\AudioSystem.hpp" />
    <ClInclude Include="..\include\Nen\Component\CircleComponent.hpp" />
    <ClInclude Include="..\include\Nen\Component\Component.hpp" />
    <ClInclude Include="..\include\Nen\Component\EffectComponent.hpp" />
    <ClInclude Include="..\include\Nen\Component\FontComponent.hpp" />
    <ClInclude Include="..\include\Nen\Component\InputComponent.hpp" />
    <ClInclude Include="..\include\Nen\Component\MoveComponent.hpp" />
    <ClInclude Include="..\include\Nen\Component\ScriptComponent.hpp" />
    <ClInclude Include="..\include\Nen\Component\Sprite2DComponent.hpp" />
    <ClInclude Include="..\include\Nen\Component\Sprite3DComponent.hpp" />
    <ClInclude Include="..\include\Nen\Logger\Logger.hpp" />
    <ClInclude Include="..\include\Nen\Effect\Effect.hpp" />
    <ClInclude Include="..\include\Nen\Font\Font.hpp" />
    <ClInclude Include="..\include\Nen\Input\InputSystem.hpp" />
    <ClInclude Include="..\include\Nen\Math\Math.hpp" />
    <ClInclude Include="..\include\Nen\Math\Matrix3.hpp" />
    <ClInclude Include="..\include\Nen\Math\Matrix4.hpp" />
    <ClInclude Include="..\include\Nen\Math\Quaternion.hpp" />
    <ClInclude Include="..\include\Nen\Math\Random.hpp" />
    <ClInclude Include="..\include\Nen\Math\Transform.hpp" />
    <ClInclude Include="..\include\Nen\Math\Vector2.hpp" />
    <ClInclude Include="..\include\Nen\Math\Vector3.hpp" />
    <ClInclude Include="..\include\Nen\Nen.hpp" />
    <ClInclude Include="..\include\Nen\Mesh\ObjLoader.hpp" />
    <ClInclude Include="..\include\Nen\Render\Renderer.hpp" />
    <ClInclude Include="..\include\Nen\Scene\Scene.hpp" />
    <ClInclude Include="..\include\Nen\Sprite\Sprite.h" />
    <ClInclude Include="..\include\Nen\Texture\TextureType.h" />
    <ClInclude Include="..\include\Nen\Vertex\Vertex.h" />
    <ClInclude Include="..\include\Nen\Vertex\VertexArray.h" />
    <ClInclude Include="..\include\Nen\Window\Window.hpp" />
    <ClInclude Include="..\src\Nen\Effect\CustomTextureLoader.h" />
    <ClInclude Include="..\src\Nen\Effect\EffectManager.h" />
    <ClInclude Include="..\src\Nen\Render\IRenderer.h" />
    <ClInclude Include="..\src\Nen\Render\OpenGLES\ESRenderer.h" />
    <ClInclude Include="..\src\Nen\Render\OpenGL\EffectManagerGL.h" />
    <ClInclude Include="..\src\Nen\Render\OpenGL\GLRenderer.h" />
    <ClInclude Include="..\src\Nen\Render\OpenGL\ShaderGL.h" />
    <ClInclude Include="..\src\Nen\Render\Vulkan\EffectManagerVK.h" />
    <ClInclude Include="..\src\Nen\Render\Vulkan\Pipeline.h" />
    <ClInclude Include="..\src\Nen\Render\Vulkan\PipelineLayout.h" />
    <ClInclude Include="..\src\Nen\Render\Vulkan\Swapchain.h" />
    <ClInclude Include="..\src\Nen\Render\Vulkan\VKBase.h" />
    <ClInclude Include="..\src\Nen\Render\Vulkan\VKRenderer.h" />
    <ClInclude Include="..\src\Nen\Render\Vulkan\VulkanShader.h" />
    <ClInclude Include="..\src\Nen\Render\Vulkan\VulkanUtil.h" />
    <ClInclude Include="..\include\Nen\Actor\Actor.hpp" />
    <ClInclude Include="..\include\Nen\Component\AudioComponent.hpp" />
    <ClInclude Include="..\include\Nen\Utility\Singleton.hpp" />
    <ClInclude Include="..\include\Nen\Utility\NonCopyable.hpp" />
    <ClInclude Include="..\include\Nen\Input\KeyCode.hpp" />
    <ClInclude Include="..\include\Nen\Input\GameControllerButton.hpp" />
    <ClInclude Include="..\include\Nen\Script\Script.hpp" />
    <ClInclude Include="..\include\Nen\Input\MouseCode.hpp" />
    <ClInclude Include="..\include\Nen\Texture\Texture.hpp" />
    <ClInclude Include="..\include\Nen\Input\GameController.hpp" />
    <ClInclude Include="..\src\Nen\Texture\SurfaceHandle.hpp" />
    <ClInclude Include="..\include\Nen\GUI\Button.hpp" />
    <ClInclude Include="..\include\Nen\GUI\DialogBox.hpp" />
    <ClInclude Include="..\include\Nen\GUI\HUD.hpp" />
    <ClInclude Include="..\include\Nen\GUI\PauseMenu.hpp" />
    <ClInclude Include="..\include\Nen\GUI\UIScreen.hpp" />
  </ItemGroup>
</Project>