<?xml version="1.0" encoding="utf-8"?>
<Project ToolsVersion="4.0" xmlns="http://schemas.microsoft.com/developer/msbuild/2003">
  <ItemGroup>
    <Filter Include="リソース ファイル">
      <UniqueIdentifier>{67DA6AB6-F800-4c08-8B7A-83BB121AAD01}</UniqueIdentifier>
      <Extensions>rc;ico;cur;bmp;dlg;rc2;rct;bin;rgs;gif;jpg;jpeg;jpe;resx;tiff;tif;png;wav;mfcribbon-ms</Extensions>
    </Filter>
    <Filter Include="lib">
      <UniqueIdentifier>{f14fcffc-f61d-4e5f-821e-47af973e1aab}</UniqueIdentifier>
    </Filter>
    <Filter Include="lib\imgui">
      <UniqueIdentifier>{a473e595-3ce9-4ccd-82c1-66ebb48a2fac}</UniqueIdentifier>
    </Filter>
    <Filter Include="lib\imgui\include">
      <UniqueIdentifier>{7b40fd30-4281-4274-98e0-2039b9dbc244}</UniqueIdentifier>
    </Filter>
    <Filter Include="lib\imgui\source">
      <UniqueIdentifier>{758a346d-2b80-4664-a07b-bb49b904039a}</UniqueIdentifier>
    </Filter>
    <Filter Include="Source">
      <UniqueIdentifier>{4FC737F1-C7A5-4376-A066-2A32D752A2FF}</UniqueIdentifier>
      <Extensions>cpp;c;cc;cxx;c++;cppm;ixx;def;odl;idl;hpj;bat;asm;asmx</Extensions>
    </Filter>
    <Filter Include="Source\Actor">
      <UniqueIdentifier>{91c8df3c-4ecd-4200-9c73-b35ebf3188fb}</UniqueIdentifier>
    </Filter>
    <Filter Include="Source\Component">
      <UniqueIdentifier>{5b991e4c-acb7-413f-9170-3396a3fa6fb9}</UniqueIdentifier>
    </Filter>
    <Filter Include="Source\Engine">
      <UniqueIdentifier>{53934bb9-499d-4881-b63f-3979f946c6d0}</UniqueIdentifier>
    </Filter>
    <Filter Include="Source\Engine\Vulkan">
      <UniqueIdentifier>{91b86038-e845-4e7c-bc34-6c5bf4d15a4e}</UniqueIdentifier>
    </Filter>
    <Filter Include="Source\Engine\OpenGL">
      <UniqueIdentifier>{0cab6838-72f1-452c-9ff4-00475514abaf}</UniqueIdentifier>
    </Filter>
    <Filter Include="Source\Scene">
      <UniqueIdentifier>{1b52d71a-ac7a-42dc-b609-3b29d19287fe}</UniqueIdentifier>
    </Filter>
    <Filter Include="Header">
      <UniqueIdentifier>{93995380-89BD-4b04-88EB-625FBE52EBFB}</UniqueIdentifier>
      <Extensions>h;hh;hpp;hxx;h++;hm;inl;inc;ipp;xsd</Extensions>
    </Filter>
    <Filter Include="Header\Actor">
      <UniqueIdentifier>{6c102719-a86b-4763-9e68-c8ce81bcf626}</UniqueIdentifier>
    </Filter>
    <Filter Include="Header\Component">
      <UniqueIdentifier>{8e24df90-4db7-4a5c-8517-a984d4fda4fa}</UniqueIdentifier>
    </Filter>
    <Filter Include="Header\Engine">
      <UniqueIdentifier>{1e5e160f-3d10-451d-bc02-0a56e2ac8163}</UniqueIdentifier>
    </Filter>
    <Filter Include="Header\Engine\Vulkan">
      <UniqueIdentifier>{783ec565-a4ad-4b3e-943a-cba8ba522e07}</UniqueIdentifier>
    </Filter>
    <Filter Include="Header\Engine\OpenGL">
      <UniqueIdentifier>{d99b3c1a-872a-4a89-9673-0f8586599bad}</UniqueIdentifier>
    </Filter>
    <Filter Include="Header\Scene">
      <UniqueIdentifier>{18f42db0-8edc-495c-a66c-996db4f3bfff}</UniqueIdentifier>
    </Filter>
  </ItemGroup>
  <ItemGroup>
    <ClCompile Include="Engine\source\AudioSystem.cpp">
      <Filter>Source\Engine</Filter>
    </ClCompile>
    <ClCompile Include="Engine\source\DebugLog.cpp">
      <Filter>Source\Engine</Filter>
    </ClCompile>
    <ClCompile Include="Engine\source\Effect.cpp">
      <Filter>Source\Engine</Filter>
    </ClCompile>
    <ClCompile Include="Engine\source\Font.cpp">
      <Filter>Source\Engine</Filter>
    </ClCompile>
    <ClCompile Include="Engine\source\InputSystem.cpp">
      <Filter>Source\Engine</Filter>
    </ClCompile>
    <ClCompile Include="Engine\source\Math.cpp">
      <Filter>Source\Engine</Filter>
    </ClCompile>
    <ClCompile Include="Engine\source\Random.cpp">
      <Filter>Source\Engine</Filter>
    </ClCompile>
    <ClCompile Include="Engine\source\Renderer.cpp">
      <Filter>Source\Engine</Filter>
    </ClCompile>
    <ClCompile Include="Engine\source\Script.cpp">
      <Filter>Source\Engine</Filter>
    </ClCompile>
    <ClCompile Include="Engine\source\AudioEvent.cpp">
      <Filter>Source\Engine</Filter>
    </ClCompile>
    <ClCompile Include="Engine\source\Texture.cpp">
      <Filter>Source\Engine</Filter>
    </ClCompile>
    <ClCompile Include="Engine\source\Transform.cpp">
      <Filter>Source\Engine</Filter>
    </ClCompile>
    <ClCompile Include="Engine\source\Transition.cpp">
      <Filter>Source\Engine</Filter>
    </ClCompile>
    <ClCompile Include="Engine\source\Vulkan\VKRenderer.cpp">
      <Filter>Source\Engine\Vulkan</Filter>
    </ClCompile>
    <ClCompile Include="Engine\source\Window.cpp">
      <Filter>Source\Engine</Filter>
    </ClCompile>
    <ClCompile Include="Engine\source\StreamReader.cpp">
      <Filter>Source\Engine</Filter>
    </ClCompile>
    <ClCompile Include="Engine\source\Vulkan\VKBase.cpp">
      <Filter>Source\Engine\Vulkan</Filter>
    </ClCompile>
    <ClCompile Include="lib\imgui\source\imgui.cpp">
      <Filter>lib\imgui\source</Filter>
    </ClCompile>
    <ClCompile Include="lib\imgui\source\imgui_demo.cpp">
      <Filter>lib\imgui\source</Filter>
    </ClCompile>
    <ClCompile Include="lib\imgui\source\imgui_draw.cpp">
      <Filter>lib\imgui\source</Filter>
    </ClCompile>
    <ClCompile Include="lib\imgui\source\imgui_impl_vulkan.cpp">
      <Filter>lib\imgui\source</Filter>
    </ClCompile>
    <ClCompile Include="lib\imgui\source\imgui_widgets.cpp">
      <Filter>lib\imgui\source</Filter>
    </ClCompile>
    <ClCompile Include="lib\imgui\source\imgui_impl_sdl.cpp">
      <Filter>lib\imgui\source</Filter>
    </ClCompile>
    <ClCompile Include="Engine\source\Vulkan\Swapchain.cpp">
      <Filter>Source\Engine\Vulkan</Filter>
    </ClCompile>
    <ClCompile Include="Engine\source\OpenGL\GLRenderer.cpp">
      <Filter>Source\Engine\OpenGL</Filter>
    </ClCompile>
    <ClCompile Include="Engine\source\OpenGL\ShaderGL.cpp">
      <Filter>Source\Engine\OpenGL</Filter>
    </ClCompile>
    <ClCompile Include="lib\imgui\source\imgui_impl_opengl3.cpp">
      <Filter>lib\imgui\source</Filter>
    </ClCompile>
    <ClCompile Include="lib\mojoAL-default\mojoal.c">
      <Filter>lib</Filter>
    </ClCompile>
    <ClCompile Include="Scene\source\Scene.cpp">
      <Filter>Source\Scene</Filter>
    </ClCompile>
    <ClCompile Include="Engine\source\Vertex.cpp">
      <Filter>Source\Engine</Filter>
    </ClCompile>
    <ClCompile Include="Engine\source\VertexArray.cpp">
      <Filter>Source\Engine</Filter>
    </ClCompile>
    <ClCompile Include="Actor\source\Actor.cpp">
      <Filter>Source\Actor</Filter>
    </ClCompile>
    <ClCompile Include="Actor\source\Animation2D.cpp">
      <Filter>Source\Actor</Filter>
    </ClCompile>
    <ClCompile Include="Components\source\AudioComponent.cpp">
      <Filter>Source\Component</Filter>
    </ClCompile>
    <ClCompile Include="Components\source\CircleComponent.cpp">
      <Filter>Source\Component</Filter>
    </ClCompile>
    <ClCompile Include="Components\source\EffectComponent.cpp">
      <Filter>Source\Component</Filter>
    </ClCompile>
    <ClCompile Include="Components\source\FontComponent.cpp">
      <Filter>Source\Component</Filter>
    </ClCompile>
    <ClCompile Include="Components\source\InputComponent.cpp">
      <Filter>Source\Component</Filter>
    </ClCompile>
    <ClCompile Include="Components\source\MoveComponent.cpp">
      <Filter>Source\Component</Filter>
    </ClCompile>
    <ClCompile Include="Components\source\Component.cpp">
      <Filter>Source\Component</Filter>
    </ClCompile>
    <ClCompile Include="Actor\source\PlaneActor.cpp">
      <Filter>Source\Actor</Filter>
    </ClCompile>
    <ClCompile Include="Components\source\Sprite3DComponent.cpp">
      <Filter>Source\Component</Filter>
    </ClCompile>
    <ClCompile Include="Components\source\Sprite2DComponent.cpp">
      <Filter>Source\Component</Filter>
    </ClCompile>
    <ClCompile Include="Actor\source\Text.cpp">
      <Filter>Source\Actor</Filter>
    </ClCompile>
    <ClCompile Include="Components\source\ScriptComponent.cpp">
      <Filter>Source\Component</Filter>
    </ClCompile>
    <ClCompile Include="lib\tinyobjloader\tiny_obj_loader.cc">
      <Filter>Source</Filter>
    </ClCompile>
    <ClCompile Include="Engine\source\ObjLoader.cpp">
      <Filter>Source</Filter>
    </ClCompile>
  </ItemGroup>
  <ItemGroup>
    <None Include="packages.config" />
  </ItemGroup>
  <ItemGroup>
    <ClInclude Include="Engine\include\AudioSystem.h">
      <Filter>Header\Engine</Filter>
    </ClInclude>
    <ClInclude Include="Engine\include\DebugLog.hpp">
      <Filter>Header\Engine</Filter>
    </ClInclude>
    <ClInclude Include="Engine\include\Effect.hpp">
      <Filter>Header\Engine</Filter>
    </ClInclude>
    <ClInclude Include="Engine\include\Font.hpp">
      <Filter>Header\Engine</Filter>
    </ClInclude>
    <ClInclude Include="Engine\include\InputSystem.h">
      <Filter>Header\Engine</Filter>
    </ClInclude>
    <ClInclude Include="Engine\include\Math.hpp">
      <Filter>Header\Engine</Filter>
    </ClInclude>
    <ClInclude Include="Engine\include\Random.h">
      <Filter>Header\Engine</Filter>
    </ClInclude>
    <ClInclude Include="Engine\include\Renderer.h">
      <Filter>Header\Engine</Filter>
    </ClInclude>
    <ClInclude Include="Engine\include\Script.h">
      <Filter>Header\Engine</Filter>
    </ClInclude>
    <ClInclude Include="Engine\include\AudioEvent.h">
      <Filter>Header\Engine</Filter>
    </ClInclude>
    <ClInclude Include="Engine\include\Texture.h">
      <Filter>Header\Engine</Filter>
    </ClInclude>
    <ClInclude Include="Engine\include\Transform.hpp">
      <Filter>Header\Engine</Filter>
    </ClInclude>
    <ClInclude Include="Engine\include\Transition.h">
      <Filter>Header\Engine</Filter>
    </ClInclude>
    <ClInclude Include="Engine\include\Window.hpp">
      <Filter>Header\Engine</Filter>
    </ClInclude>
    <ClInclude Include="Engine\include\Vulkan\VKRenderer.h">
      <Filter>Header\Engine\Vulkan</Filter>
    </ClInclude>
    <ClInclude Include="Engine\include\StreamReader.h">
      <Filter>Header\Engine</Filter>
    </ClInclude>
    <ClInclude Include="Engine\Engine.hpp">
      <Filter>Header</Filter>
    </ClInclude>
    <ClInclude Include="Engine\include\Vulkan\VKBase.h">
      <Filter>Header\Engine\Vulkan</Filter>
    </ClInclude>
    <ClInclude Include="lib\imgui\include\imconfig.h">
      <Filter>lib\imgui\include</Filter>
    </ClInclude>
    <ClInclude Include="lib\imgui\include\imgui.h">
      <Filter>lib\imgui\include</Filter>
    </ClInclude>
    <ClInclude Include="lib\imgui\include\imgui_impl_sdl.h">
      <Filter>lib\imgui\include</Filter>
    </ClInclude>
    <ClInclude Include="lib\imgui\include\imgui_impl_vulkan.h">
      <Filter>lib\imgui\include</Filter>
    </ClInclude>
    <ClInclude Include="lib\imgui\include\imgui_internal.h">
      <Filter>lib\imgui\include</Filter>
    </ClInclude>
    <ClInclude Include="lib\imgui\include\imstb_rectpack.h">
      <Filter>lib\imgui\include</Filter>
    </ClInclude>
    <ClInclude Include="lib\imgui\include\imstb_textedit.h">
      <Filter>lib\imgui\include</Filter>
    </ClInclude>
    <ClInclude Include="lib\imgui\include\imstb_truetype.h">
      <Filter>lib\imgui\include</Filter>
    </ClInclude>
    <ClInclude Include="Engine\include\Vulkan\VulkanUtil.h">
      <Filter>Header\Engine\Vulkan</Filter>
    </ClInclude>
    <ClInclude Include="Engine\include\Vulkan\Swapchain.h">
      <Filter>Header\Engine\Vulkan</Filter>
    </ClInclude>
    <ClInclude Include="Engine\include\OpenGL\GLRenderer.h">
      <Filter>Header\Engine\OpenGL</Filter>
    </ClInclude>
    <ClInclude Include="Engine\include\OpenGL\ShaderGL.h">
      <Filter>Header\Engine\OpenGL</Filter>
    </ClInclude>
    <ClInclude Include="Engine\include\Vulkan\Pipeline.h">
      <Filter>Header\Engine\Vulkan</Filter>
    </ClInclude>
    <ClInclude Include="Scene\include\Scene.hpp">
      <Filter>Header\Scene</Filter>
    </ClInclude>
    <ClInclude Include="Engine\include\Vertex.h">
      <Filter>Header\Engine</Filter>
    </ClInclude>
    <ClInclude Include="Engine\include\VertexArray.h">
      <Filter>Header\Engine</Filter>
    </ClInclude>
    <ClInclude Include="Actor\include\Actor.h">
      <Filter>Header\Actor</Filter>
    </ClInclude>
    <ClInclude Include="Actor\include\Animation2D.hpp">
      <Filter>Header\Actor</Filter>
    </ClInclude>
    <ClInclude Include="Components\include\AudioComponent.h">
      <Filter>Header\Component</Filter>
    </ClInclude>
    <ClInclude Include="Components\include\CircleComponent.h">
      <Filter>Header\Component</Filter>
    </ClInclude>
    <ClInclude Include="Components\include\Component.h">
      <Filter>Header\Component</Filter>
    </ClInclude>
    <ClInclude Include="Components\include\EffectComponent.hpp">
      <Filter>Header\Component</Filter>
    </ClInclude>
    <ClInclude Include="Components\include\FontComponent.hpp">
      <Filter>Header\Component</Filter>
    </ClInclude>
    <ClInclude Include="Components\include\InputComponent.h">
      <Filter>Header\Component</Filter>
    </ClInclude>
    <ClInclude Include="Components\include\MoveComponent.h">
      <Filter>Header\Component</Filter>
    </ClInclude>
    <ClInclude Include="Actor\include\PlaneActor.h">
      <Filter>Header\Actor</Filter>
    </ClInclude>
    <ClInclude Include="Components\include\ScriptComponent.h">
      <Filter>Header\Component</Filter>
    </ClInclude>
    <ClInclude Include="Components\include\Sprite2DComponent.h">
      <Filter>Header\Component</Filter>
    </ClInclude>
    <ClInclude Include="Components\include\Sprite3DComponent.h">
      <Filter>Header\Component</Filter>
    </ClInclude>
    <ClInclude Include="Actor\include\Text.hpp">
      <Filter>Header\Actor</Filter>
    </ClInclude>
    <ClInclude Include="Engine\include\ObjLoader.h">
      <Filter>Header</Filter>
    </ClInclude>
  </ItemGroup>
</Project>