
Microsoft Visual Studio Solution File, Format Version 12.00
# Visual Studio Version 16
VisualStudioVersion = 16.0.31229.75
MinimumVisualStudioVersion = 10.0.40219.1
Project("{8BC9CEB8-8B4A-11D0-8D11-00A0C91BC942}") = "build_mojoal", "build_mojoal.vcxproj", "{6E2930D7-F69D-482D-8EEB-54A93BFCEFDA}"
EndProject
Global
	GlobalSection(SolutionConfigurationPlatforms) = preSolution
		Debug|x64 = Debug|x64
		Debug|x86 = Debug|x86
		Release|x64 = Release|x64
		Release|x86 = Release|x86
	EndGlobalSection
	GlobalSection(ProjectConfigurationPlatforms) = postSolution
		{6E2930D7-F69D-482D-8EEB-54A93BFCEFDA}.Debug|x64.ActiveCfg = Debug|x64
		{6E2930D7-F69D-482D-8EEB-54A93BFCEFDA}.Debug|x64.Build.0 = Debug|x64
		{6E2930D7-F69D-482D-8EEB-54A93BFCEFDA}.Debug|x86.ActiveCfg = Debug|Win32
		{6E2930D7-F69D-482D-8EEB-54A93BFCEFDA}.Debug|x86.Build.0 = Debug|Win32
		{6E2930D7-F69D-482D-8EEB-54A93BFCEFDA}.Release|x64.ActiveCfg = Release|x64
		{6E2930D7-F69D-482D-8EEB-54A93BFCEFDA}.Release|x64.Build.0 = Release|x64
		{6E2930D7-F69D-482D-8EEB-54A93BFCEFDA}.Release|x86.ActiveCfg = Release|Win32
		{6E2930D7-F69D-482D-8EEB-54A93BFCEFDA}.Release|x86.Build.0 = Release|Win32
	EndGlobalSection
	GlobalSection(SolutionProperties) = preSolution
		HideSolutionNode = FALSE
	EndGlobalSection
	GlobalSection(ExtensibilityGlobals) = postSolution
		SolutionGuid = {5F23D277-4624-472F-8BEB-EEAA1E9C8791}
	EndGlobalSection
EndGlobal
